// !$*UTF8*$!
{
	archiveVersion = 1;
	classes = {
	};
	objectVersion = 50;
	objects = {

/* Begin PBXBuildFile section */
		5E23898421CB7394004C0A88 /* backSound.mp3 in Resources */ = {isa = PBXBuildFile; fileRef = 5E23898321CB7393004C0A88 /* backSound.mp3 */; };
		5E23898621CB739D004C0A88 /* sound1.mp3 in Resources */ = {isa = PBXBuildFile; fileRef = 5E23898521CB739D004C0A88 /* sound1.mp3 */; };
		5EA48EA421BFC4FD00540609 /* AppDelegate.swift in Sources */ = {isa = PBXBuildFile; fileRef = 5EA48EA321BFC4FD00540609 /* AppDelegate.swift */; };
		5EA48EA621BFC4FD00540609 /* ViewController.swift in Sources */ = {isa = PBXBuildFile; fileRef = 5EA48EA521BFC4FD00540609 /* ViewController.swift */; };
		5EA48EA921BFC4FD00540609 /* Main.storyboard in Resources */ = {isa = PBXBuildFile; fileRef = 5EA48EA721BFC4FD00540609 /* Main.storyboard */; };
		5EA48EAB21BFC50000540609 /* Assets.xcassets in Resources */ = {isa = PBXBuildFile; fileRef = 5EA48EAA21BFC50000540609 /* Assets.xcassets */; };
		5EA48EAE21BFC50000540609 /* LaunchScreen.storyboard in Resources */ = {isa = PBXBuildFile; fileRef = 5EA48EAC21BFC50000540609 /* LaunchScreen.storyboard */; };
		5EA48EB921BFC50000540609 /* test7Tests.swift in Sources */ = {isa = PBXBuildFile; fileRef = 5EA48EB821BFC50000540609 /* test7Tests.swift */; };
		5EA48EC421BFC50000540609 /* test7UITests.swift in Sources */ = {isa = PBXBuildFile; fileRef = 5EA48EC321BFC50000540609 /* test7UITests.swift */; };
/* End PBXBuildFile section */

/* Begin PBXContainerItemProxy section */
		5EA48EB521BFC50000540609 /* PBXContainerItemProxy */ = {
			isa = PBXContainerItemProxy;
			containerPortal = 5EA48E9821BFC4FD00540609 /* Project object */;
			proxyType = 1;
			remoteGlobalIDString = 5EA48E9F21BFC4FD00540609;
			remoteInfo = test7;
		};
		5EA48EC021BFC50000540609 /* PBXContainerItemProxy */ = {
			isa = PBXContainerItemProxy;
			containerPortal = 5EA48E9821BFC4FD00540609 /* Project object */;
			proxyType = 1;
			remoteGlobalIDString = 5EA48E9F21BFC4FD00540609;
			remoteInfo = test7;
		};
/* End PBXContainerItemProxy section */

/* Begin PBXFileReference section */
		5E23898321CB7393004C0A88 /* backSound.mp3 */ = {isa = PBXFileReference; lastKnownFileType = audio.mp3; path = backSound.mp3; sourceTree = SOURCE_ROOT; };
		5E23898521CB739D004C0A88 /* sound1.mp3 */ = {isa = PBXFileReference; lastKnownFileType = audio.mp3; path = sound1.mp3; sourceTree = SOURCE_ROOT; };
		5EA48EA021BFC4FD00540609 /* test7.app */ = {isa = PBXFileReference; explicitFileType = wrapper.application; includeInIndex = 0; path = test7.app; sourceTree = BUILT_PRODUCTS_DIR; };
		5EA48EA321BFC4FD00540609 /* AppDelegate.swift */ = {isa = PBXFileReference; lastKnownFileType = sourcecode.swift; path = AppDelegate.swift; sourceTree = "<group>"; };
		5EA48EA521BFC4FD00540609 /* ViewController.swift */ = {isa = PBXFileReference; lastKnownFileType = sourcecode.swift; path = ViewController.swift; sourceTree = "<group>"; };
		5EA48EA821BFC4FD00540609 /* Base */ = {isa = PBXFileReference; lastKnownFileType = file.storyboard; name = Base; path = Base.lproj/Main.storyboard; sourceTree = "<group>"; };
		5EA48EAA21BFC50000540609 /* Assets.xcassets */ = {isa = PBXFileReference; lastKnownFileType = folder.assetcatalog; path = Assets.xcassets; sourceTree = "<group>"; };
		5EA48EAD21BFC50000540609 /* Base */ = {isa = PBXFileReference; lastKnownFileType = file.storyboard; name = Base; path = Base.lproj/LaunchScreen.storyboard; sourceTree = "<group>"; };
		5EA48EAF21BFC50000540609 /* Info.plist */ = {isa = PBXFileReference; lastKnownFileType = text.plist.xml; path = Info.plist; sourceTree = "<group>"; };
		5EA48EB421BFC50000540609 /* test7Tests.xctest */ = {isa = PBXFileReference; explicitFileType = wrapper.cfbundle; includeInIndex = 0; path = test7Tests.xctest; sourceTree = BUILT_PRODUCTS_DIR; };
		5EA48EB821BFC50000540609 /* test7Tests.swift */ = {isa = PBXFileReference; lastKnownFileType = sourcecode.swift; path = test7Tests.swift; sourceTree = "<group>"; };
		5EA48EBA21BFC50000540609 /* Info.plist */ = {isa = PBXFileReference; lastKnownFileType = text.plist.xml; path = Info.plist; sourceTree = "<group>"; };
		5EA48EBF21BFC50000540609 /* test7UITests.xctest */ = {isa = PBXFileReference; explicitFileType = wrapper.cfbundle; includeInIndex = 0; path = test7UITests.xctest; sourceTree = BUILT_PRODUCTS_DIR; };
		5EA48EC321BFC50000540609 /* test7UITests.swift */ = {isa = PBXFileReference; lastKnownFileType = sourcecode.swift; path = test7UITests.swift; sourceTree = "<group>"; };
		5EA48EC521BFC50000540609 /* Info.plist */ = {isa = PBXFileReference; lastKnownFileType = text.plist.xml; path = Info.plist; sourceTree = "<group>"; };
/* End PBXFileReference section */

/* Begin PBXFrameworksBuildPhase section */
		5EA48E9D21BFC4FD00540609 /* Frameworks */ = {
			isa = PBXFrameworksBuildPhase;
			buildActionMask = 2147483647;
			files = (
			);
			runOnlyForDeploymentPostprocessing = 0;
		};
		5EA48EB121BFC50000540609 /* Frameworks */ = {
			isa = PBXFrameworksBuildPhase;
			buildActionMask = 2147483647;
			files = (
			);
			runOnlyForDeploymentPostprocessing = 0;
		};
		5EA48EBC21BFC50000540609 /* Frameworks */ = {
			isa = PBXFrameworksBuildPhase;
			buildActionMask = 2147483647;
			files = (
			);
			runOnlyForDeploymentPostprocessing = 0;
		};
/* End PBXFrameworksBuildPhase section */

/* Begin PBXGroup section */
		5EA48E9721BFC4FD00540609 = {
			isa = PBXGroup;
			children = (
				5EA48EA221BFC4FD00540609 /* test7 */,
				5EA48EB721BFC50000540609 /* test7Tests */,
				5EA48EC221BFC50000540609 /* test7UITests */,
				5EA48EA121BFC4FD00540609 /* Products */,
			);
			sourceTree = "<group>";
		};
		5EA48EA121BFC4FD00540609 /* Products */ = {
			isa = PBXGroup;
			children = (
				5EA48EA021BFC4FD00540609 /* test7.app */,
				5EA48EB421BFC50000540609 /* test7Tests.xctest */,
				5EA48EBF21BFC50000540609 /* test7UITests.xctest */,
			);
			name = Products;
			sourceTree = "<group>";
		};
		5EA48EA221BFC4FD00540609 /* test7 */ = {
			isa = PBXGroup;
			children = (
				5E23898521CB739D004C0A88 /* sound1.mp3 */,
				5E23898321CB7393004C0A88 /* backSound.mp3 */,
				5EA48EA321BFC4FD00540609 /* AppDelegate.swift */,
				5EA48EA521BFC4FD00540609 /* ViewController.swift */,
				5EA48EA721BFC4FD00540609 /* Main.storyboard */,
				5EA48EAA21BFC50000540609 /* Assets.xcassets */,
				5EA48EAC21BFC50000540609 /* LaunchScreen.storyboard */,
				5EA48EAF21BFC50000540609 /* Info.plist */,
			);
			path = test7;
			sourceTree = "<group>";
		};
		5EA48EB721BFC50000540609 /* test7Tests */ = {
			isa = PBXGroup;
			children = (
				5EA48EB821BFC50000540609 /* test7Tests.swift */,
				5EA48EBA21BFC50000540609 /* Info.plist */,
			);
			path = test7Tests;
			sourceTree = "<group>";
		};
		5EA48EC221BFC50000540609 /* test7UITests */ = {
			isa = PBXGroup;
			children = (
				5EA48EC321BFC50000540609 /* test7UITests.swift */,
				5EA48EC521BFC50000540609 /* Info.plist */,
			);
			path = test7UITests;
			sourceTree = "<group>";
		};
/* End PBXGroup section */

/* Begin PBXNativeTarget section */
		5EA48E9F21BFC4FD00540609 /* test7 */ = {
			isa = PBXNativeTarget;
			buildConfigurationList = 5EA48EC821BFC50000540609 /* Build configuration list for PBXNativeTarget "test7" */;
			buildPhases = (
				5EA48E9C21BFC4FD00540609 /* Sources */,
				5EA48E9D21BFC4FD00540609 /* Frameworks */,
				5EA48E9E21BFC4FD00540609 /* Resources */,
			);
			buildRules = (
			);
			dependencies = (
			);
			name = test7;
			productName = test7;
			productReference = 5EA48EA021BFC4FD00540609 /* test7.app */;
			productType = "com.apple.product-type.application";
		};
		5EA48EB321BFC50000540609 /* test7Tests */ = {
			isa = PBXNativeTarget;
			buildConfigurationList = 5EA48ECB21BFC50000540609 /* Build configuration list for PBXNativeTarget "test7Tests" */;
			buildPhases = (
				5EA48EB021BFC50000540609 /* Sources */,
				5EA48EB121BFC50000540609 /* Frameworks */,
				5EA48EB221BFC50000540609 /* Resources */,
			);
			buildRules = (
			);
			dependencies = (
				5EA48EB621BFC50000540609 /* PBXTargetDependency */,
			);
			name = test7Tests;
			productName = test7Tests;
			productReference = 5EA48EB421BFC50000540609 /* test7Tests.xctest */;
			productType = "com.apple.product-type.bundle.unit-test";
		};
		5EA48EBE21BFC50000540609 /* test7UITests */ = {
			isa = PBXNativeTarget;
			buildConfigurationList = 5EA48ECE21BFC50000540609 /* Build configuration list for PBXNativeTarget "test7UITests" */;
			buildPhases = (
				5EA48EBB21BFC50000540609 /* Sources */,
				5EA48EBC21BFC50000540609 /* Frameworks */,
				5EA48EBD21BFC50000540609 /* Resources */,
			);
			buildRules = (
			);
			dependencies = (
				5EA48EC121BFC50000540609 /* PBXTargetDependency */,
			);
			name = test7UITests;
			productName = test7UITests;
			productReference = 5EA48EBF21BFC50000540609 /* test7UITests.xctest */;
			productType = "com.apple.product-type.bundle.ui-testing";
		};
/* End PBXNativeTarget section */

/* Begin PBXProject section */
		5EA48E9821BFC4FD00540609 /* Project object */ = {
			isa = PBXProject;
			attributes = {
				LastSwiftUpdateCheck = 1010;
				LastUpgradeCheck = 1010;
				ORGANIZATIONNAME = "塚本賢治";
				TargetAttributes = {
					5EA48E9F21BFC4FD00540609 = {
						CreatedOnToolsVersion = 10.1;
					};
					5EA48EB321BFC50000540609 = {
						CreatedOnToolsVersion = 10.1;
						TestTargetID = 5EA48E9F21BFC4FD00540609;
					};
					5EA48EBE21BFC50000540609 = {
						CreatedOnToolsVersion = 10.1;
						TestTargetID = 5EA48E9F21BFC4FD00540609;
					};
				};
			};
			buildConfigurationList = 5EA48E9B21BFC4FD00540609 /* Build configuration list for PBXProject "test7" */;
			compatibilityVersion = "Xcode 9.3";
			developmentRegion = en;
			hasScannedForEncodings = 0;
			knownRegions = (
				en,
				Base,
			);
			mainGroup = 5EA48E9721BFC4FD00540609;
			productRefGroup = 5EA48EA121BFC4FD00540609 /* Products */;
			projectDirPath = "";
			projectRoot = "";
			targets = (
				5EA48E9F21BFC4FD00540609 /* test7 */,
				5EA48EB321BFC50000540609 /* test7Tests */,
				5EA48EBE21BFC50000540609 /* test7UITests */,
			);
		};
/* End PBXProject section */

/* Begin PBXResourcesBuildPhase section */
		5EA48E9E21BFC4FD00540609 /* Resources */ = {
			isa = PBXResourcesBuildPhase;
			buildActionMask = 2147483647;
			files = (
				5E23898621CB739D004C0A88 /* sound1.mp3 in Resources */,
				5EA48EAE21BFC50000540609 /* LaunchScreen.storyboard in Resources */,
				5EA48EAB21BFC50000540609 /* Assets.xcassets in Resources */,
				5EA48EA921BFC4FD00540609 /* Main.storyboard in Resources */,
				5E23898421CB7394004C0A88 /* backSound.mp3 in Resources */,
			);
			runOnlyForDeploymentPostprocessing = 0;
		};
		5EA48EB221BFC50000540609 /* Resources */ = {
			isa = PBXResourcesBuildPhase;
			buildActionMask = 2147483647;
			files = (
			);
			runOnlyForDeploymentPostprocessing = 0;
		};
		5EA48EBD21BFC50000540609 /* Resources */ = {
			isa = PBXResourcesBuildPhase;
			buildActionMask = 2147483647;
			files = (
			);
			runOnlyForDeploymentPostprocessing = 0;
		};
/* End PBXResourcesBuildPhase section */

/* Begin PBXSourcesBuildPhase section */
		5EA48E9C21BFC4FD00540609 /* Sources */ = {
			isa = PBXSourcesBuildPhase;
			buildActionMask = 2147483647;
			files = (
				5EA48EA621BFC4FD00540609 /* ViewController.swift in Sources */,
				5EA48EA421BFC4FD00540609 /* AppDelegate.swift in Sources */,
			);
			runOnlyForDeploymentPostprocessing = 0;
		};
		5EA48EB021BFC50000540609 /* Sources */ = {
			isa = PBXSourcesBuildPhase;
			buildActionMask = 2147483647;
			files = (
				5EA48EB921BFC50000540609 /* test7Tests.swift in Sources */,
			);
			runOnlyForDeploymentPostprocessing = 0;
		};
		5EA48EBB21BFC50000540609 /* Sources */ = {
			isa = PBXSourcesBuildPhase;
			buildActionMask = 2147483647;
			files = (
				5EA48EC421BFC50000540609 /* test7UITests.swift in Sources */,
			);
			runOnlyForDeploymentPostprocessing = 0;
		};
/* End PBXSourcesBuildPhase section */

/* Begin PBXTargetDependency section */
		5EA48EB621BFC50000540609 /* PBXTargetDependency */ = {
			isa = PBXTargetDependency;
			target = 5EA48E9F21BFC4FD00540609 /* test7 */;
			targetProxy = 5EA48EB521BFC50000540609 /* PBXContainerItemProxy */;
		};
		5EA48EC121BFC50000540609 /* PBXTargetDependency */ = {
			isa = PBXTargetDependency;
			target = 5EA48E9F21BFC4FD00540609 /* test7 */;
			targetProxy = 5EA48EC021BFC50000540609 /* PBXContainerItemProxy */;
		};
/* End PBXTargetDependency section */

/* Begin PBXVariantGroup section */
		5EA48EA721BFC4FD00540609 /* Main.storyboard */ = {
			isa = PBXVariantGroup;
			children = (
				5EA48EA821BFC4FD00540609 /* Base */,
			);
			name = Main.storyboard;
			sourceTree = "<group>";
		};
		5EA48EAC21BFC50000540609 /* LaunchScreen.storyboard */ = {
			isa = PBXVariantGroup;
			children = (
				5EA48EAD21BFC50000540609 /* Base */,
			);
			name = LaunchScreen.storyboard;
			sourceTree = "<group>";
		};
/* End PBXVariantGroup section */

/* Begin XCBuildConfiguration section */
		5EA48EC621BFC50000540609 /* Debug */ = {
			isa = XCBuildConfiguration;
			buildSettings = {
				ALWAYS_SEARCH_USER_PATHS = NO;
				CLANG_ANALYZER_NONNULL = YES;
				CLANG_ANALYZER_NUMBER_OBJECT_CONVERSION = YES_AGGRESSIVE;
				CLANG_CXX_LANGUAGE_STANDARD = "gnu++14";
				CLANG_CXX_LIBRARY = "libc++";
				CLANG_ENABLE_MODULES = YES;
				CLANG_ENABLE_OBJC_ARC = YES;
				CLANG_ENABLE_OBJC_WEAK = YES;
				CLANG_WARN_BLOCK_CAPTURE_AUTORELEASING = YES;
				CLANG_WARN_BOOL_CONVERSION = YES;
				CLANG_WARN_COMMA = YES;
				CLANG_WARN_CONSTANT_CONVERSION = YES;
				CLANG_WARN_DEPRECATED_OBJC_IMPLEMENTATIONS = YES;
				CLANG_WARN_DIRECT_OBJC_ISA_USAGE = YES_ERROR;
				CLANG_WARN_DOCUMENTATION_COMMENTS = YES;
				CLANG_WARN_EMPTY_BODY = YES;
				CLANG_WARN_ENUM_CONVERSION = YES;
				CLANG_WARN_INFINITE_RECURSION = YES;
				CLANG_WARN_INT_CONVERSION = YES;
				CLANG_WARN_NON_LITERAL_NULL_CONVERSION = YES;
				CLANG_WARN_OBJC_IMPLICIT_RETAIN_SELF = YES;
				CLANG_WARN_OBJC_LITERAL_CONVERSION = YES;
				CLANG_WARN_OBJC_ROOT_CLASS = YES_ERROR;
				CLANG_WARN_RANGE_LOOP_ANALYSIS = YES;
				CLANG_WARN_STRICT_PROTOTYPES = YES;
				CLANG_WARN_SUSPICIOUS_MOVE = YES;
				CLANG_WARN_UNGUARDED_AVAILABILITY = YES_AGGRESSIVE;
				CLANG_WARN_UNREACHABLE_CODE = YES;
				CLANG_WARN__DUPLICATE_METHOD_MATCH = YES;
				CODE_SIGN_IDENTITY = "iPhone Developer";
				COPY_PHASE_STRIP = NO;
				DEBUG_INFORMATION_FORMAT = dwarf;
				ENABLE_STRICT_OBJC_MSGSEND = YES;
				ENABLE_TESTABILITY = YES;
				GCC_C_LANGUAGE_STANDARD = gnu11;
				GCC_DYNAMIC_NO_PIC = NO;
				GCC_NO_COMMON_BLOCKS = YES;
				GCC_OPTIMIZATION_LEVEL = 0;
				GCC_PREPROCESSOR_DEFINITIONS = (
					"DEBUG=1",
					"$(inherited)",
				);
				GCC_WARN_64_TO_32_BIT_CONVERSION = YES;
				GCC_WARN_ABOUT_RETURN_TYPE = YES_ERROR;
				GCC_WARN_UNDECLARED_SELECTOR = YES;
				GCC_WARN_UNINITIALIZED_AUTOS = YES_AGGRESSIVE;
				GCC_WARN_UNUSED_FUNCTION = YES;
				GCC_WARN_UNUSED_VARIABLE = YES;
				IPHONEOS_DEPLOYMENT_TARGET = 12.1;
				MTL_ENABLE_DEBUG_INFO = INCLUDE_SOURCE;
				MTL_FAST_MATH = YES;
				ONLY_ACTIVE_ARCH = YES;
				SDKROOT = iphoneos;
				SWIFT_ACTIVE_COMPILATION_CONDITIONS = DEBUG;
				SWIFT_OPTIMIZATION_LEVEL = "-Onone";
			};
			name = Debug;
		};
		5EA48EC721BFC50000540609 /* Release */ = {
			isa = XCBuildConfiguration;
			buildSettings = {
				ALWAYS_SEARCH_USER_PATHS = NO;
				CLANG_ANALYZER_NONNULL = YES;
				CLANG_ANALYZER_NUMBER_OBJECT_CONVERSION = YES_AGGRESSIVE;
				CLANG_CXX_LANGUAGE_STANDARD = "gnu++14";
				CLANG_CXX_LIBRARY = "libc++";
				CLANG_ENABLE_MODULES = YES;
				CLANG_ENABLE_OBJC_ARC = YES;
				CLANG_ENABLE_OBJC_WEAK = YES;
				CLANG_WARN_BLOCK_CAPTURE_AUTORELEASING = YES;
				CLANG_WARN_BOOL_CONVERSION = YES;
				CLANG_WARN_COMMA = YES;
				CLANG_WARN_CONSTANT_CONVERSION = YES;
				CLANG_WARN_DEPRECATED_OBJC_IMPLEMENTATIONS = YES;
				CLANG_WARN_DIRECT_OBJC_ISA_USAGE = YES_ERROR;
				CLANG_WARN_DOCUMENTATION_COMMENTS = YES;
				CLANG_WARN_EMPTY_BODY = YES;
				CLANG_WARN_ENUM_CONVERSION = YES;
				CLANG_WARN_INFINITE_RECURSION = YES;
				CLANG_WARN_INT_CONVERSION = YES;
				CLANG_WARN_NON_LITERAL_NULL_CONVERSION = YES;
				CLANG_WARN_OBJC_IMPLICIT_RETAIN_SELF = YES;
				CLANG_WARN_OBJC_LITERAL_CONVERSION = YES;
				CLANG_WARN_OBJC_ROOT_CLASS = YES_ERROR;
				CLANG_WARN_RANGE_LOOP_ANALYSIS = YES;
				CLANG_WARN_STRICT_PROTOTYPES = YES;
				CLANG_WARN_SUSPICIOUS_MOVE = YES;
				CLANG_WARN_UNGUARDED_AVAILABILITY = YES_AGGRESSIVE;
				CLANG_WARN_UNREACHABLE_CODE = YES;
				CLANG_WARN__DUPLICATE_METHOD_MATCH = YES;
				CODE_SIGN_IDENTITY = "iPhone Developer";
				COPY_PHASE_STRIP = NO;
				DEBUG_INFORMATION_FORMAT = "dwarf-with-dsym";
				ENABLE_NS_ASSERTIONS = NO;
				ENABLE_STRICT_OBJC_MSGSEND = YES;
				GCC_C_LANGUAGE_STANDARD = gnu11;
				GCC_NO_COMMON_BLOCKS = YES;
				GCC_WARN_64_TO_32_BIT_CONVERSION = YES;
				GCC_WARN_ABOUT_RETURN_TYPE = YES_ERROR;
				GCC_WARN_UNDECLARED_SELECTOR = YES;
				GCC_WARN_UNINITIALIZED_AUTOS = YES_AGGRESSIVE;
				GCC_WARN_UNUSED_FUNCTION = YES;
				GCC_WARN_UNUSED_VARIABLE = YES;
				IPHONEOS_DEPLOYMENT_TARGET = 12.1;
				MTL_ENABLE_DEBUG_INFO = NO;
				MTL_FAST_MATH = YES;
				SDKROOT = iphoneos;
				SWIFT_COMPILATION_MODE = wholemodule;
				SWIFT_OPTIMIZATION_LEVEL = "-O";
				VALIDATE_PRODUCT = YES;
			};
			name = Release;
		};
		5EA48EC921BFC50000540609 /* Debug */ = {
			isa = XCBuildConfiguration;
			buildSettings = {
				ASSETCATALOG_COMPILER_APPICON_NAME = AppIcon;
				CODE_SIGN_STYLE = Automatic;
				DEVELOPMENT_TEAM = R4ARL6XJL8;
				INFOPLIST_FILE = test7/Info.plist;
				LD_RUNPATH_SEARCH_PATHS = (
					"$(inherited)",
					"@executable_path/Frameworks",
				);
				PRODUCT_BUNDLE_IDENTIFIER = dcl.test7;
				PRODUCT_NAME = "$(TARGET_NAME)";
				SWIFT_VERSION = 4.2;
				TARGETED_DEVICE_FAMILY = "1,2";
			};
			name = Debug;
		};
		5EA48ECA21BFC50000540609 /* Release */ = {
			isa = XCBuildConfiguration;
			buildSettings = {
				ASSETCATALOG_COMPILER_APPICON_NAME = AppIcon;
				CODE_SIGN_STYLE = Automatic;
				DEVELOPMENT_TEAM = R4ARL6XJL8;
				INFOPLIST_FILE = test7/Info.plist;
				LD_RUNPATH_SEARCH_PATHS = (
					"$(inherited)",
					"@executable_path/Frameworks",
				);
				PRODUCT_BUNDLE_IDENTIFIER = dcl.test7;
				PRODUCT_NAME = "$(TARGET_NAME)";
				SWIFT_VERSION = 4.2;
				TARGETED_DEVICE_FAMILY = "1,2";
			};
			name = Release;
		};
		5EA48ECC21BFC50000540609 /* Debug */ = {
			isa = XCBuildConfiguration;
			buildSettings = {
				ALWAYS_EMBED_SWIFT_STANDARD_LIBRARIES = YES;
				BUNDLE_LOADER = "$(TEST_HOST)";
				CODE_SIGN_STYLE = Automatic;
				DEVELOPMENT_TEAM = R4ARL6XJL8;
				INFOPLIST_FILE = test7Tests/Info.plist;
				LD_RUNPATH_SEARCH_PATHS = (
					"$(inherited)",
					"@executable_path/Frameworks",
					"@loader_path/Frameworks",
				);
				PRODUCT_BUNDLE_IDENTIFIER = dcl.test7Tests;
				PRODUCT_NAME = "$(TARGET_NAME)";
				SWIFT_VERSION = 4.2;
				TARGETED_DEVICE_FAMILY = "1,2";
				TEST_HOST = "$(BUILT_PRODUCTS_DIR)/test7.app/test7";
			};
			name = Debug;
		};
		5EA48ECD21BFC50000540609 /* Release */ = {
			isa = XCBuildConfiguration;
			buildSettings = {
				ALWAYS_EMBED_SWIFT_STANDARD_LIBRARIES = YES;
				BUNDLE_LOADER = "$(TEST_HOST)";
				CODE_SIGN_STYLE = Automatic;
				DEVELOPMENT_TEAM = R4ARL6XJL8;
				INFOPLIST_FILE = test7Tests/Info.plist;
				LD_RUNPATH_SEARCH_PATHS = (
					"$(inherited)",
					"@executable_path/Frameworks",
					"@loader_path/Frameworks",
				);
				PRODUCT_BUNDLE_IDENTIFIER = dcl.test7Tests;
				PRODUCT_NAME = "$(TARGET_NAME)";
				SWIFT_VERSION = 4.2;
				TARGETED_DEVICE_FAMILY = "1,2";
				TEST_HOST = "$(BUILT_PRODUCTS_DIR)/test7.app/test7";
			};
			name = Release;
		};
		5EA48ECF21BFC50000540609 /* Debug */ = {
			isa = XCBuildConfiguration;
			buildSettings = {
				ALWAYS_EMBED_SWIFT_STANDARD_LIBRARIES = YES;
				CODE_SIGN_STYLE = Automatic;
				DEVELOPMENT_TEAM = R4ARL6XJL8;
				INFOPLIST_FILE = test7UITests/Info.plist;
				LD_RUNPATH_SEARCH_PATHS = (
					"$(inherited)",
					"@executable_path/Frameworks",
					"@loader_path/Frameworks",
				);
				PRODUCT_BUNDLE_IDENTIFIER = dcl.test7UITests;
				PRODUCT_NAME = "$(TARGET_NAME)";
				SWIFT_VERSION = 4.2;
				TARGETED_DEVICE_FAMILY = "1,2";
				TEST_TARGET_NAME = test7;
			};
			name = Debug;
		};
		5EA48ED021BFC50000540609 /* Release */ = {
			isa = XCBuildConfiguration;
			buildSettings = {
				ALWAYS_EMBED_SWIFT_STANDARD_LIBRARIES = YES;
				CODE_SIGN_STYLE = Automatic;
				DEVELOPMENT_TEAM = R4ARL6XJL8;
				INFOPLIST_FILE = test7UITests/Info.plist;
				LD_RUNPATH_SEARCH_PATHS = (
					"$(inherited)",
					"@executable_path/Frameworks",
					"@loader_path/Frameworks",
				);
				PRODUCT_BUNDLE_IDENTIFIER = dcl.test7UITests;
				PRODUCT_NAME = "$(TARGET_NAME)";
				SWIFT_VERSION = 4.2;
				TARGETED_DEVICE_FAMILY = "1,2";
				TEST_TARGET_NAME = test7;
			};
			name = Release;
		};
/* End XCBuildConfiguration section */

/* Begin XCConfigurationList section */
		5EA48E9B21BFC4FD00540609 /* Build configuration list for PBXProject "test7" */ = {
			isa = XCConfigurationList;
			buildConfigurations = (
				5EA48EC621BFC50000540609 /* Debug */,
				5EA48EC721BFC50000540609 /* Release */,
			);
			defaultConfigurationIsVisible = 0;
			defaultConfigurationName = Release;
		};
		5EA48EC821BFC50000540609 /* Build configuration list for PBXNativeTarget "test7" */ = {
			isa = XCConfigurationList;
			buildConfigurations = (
				5EA48EC921BFC50000540609 /* Debug */,
				5EA48ECA21BFC50000540609 /* Release */,
			);
			defaultConfigurationIsVisible = 0;
			defaultConfigurationName = Release;
		};
		5EA48ECB21BFC50000540609 /* Build configuration list for PBXNativeTarget "test7Tests" */ = {
			isa = XCConfigurationList;
			buildConfigurations = (
				5EA48ECC21BFC50000540609 /* Debug */,
				5EA48ECD21BFC50000540609 /* Release */,
			);
			defaultConfigurationIsVisible = 0;
			defaultConfigurationName = Release;
		};
		5EA48ECE21BFC50000540609 /* Build configuration list for PBXNativeTarget "test7UITests" */ = {
			isa = XCConfigurationList;
			buildConfigurations = (
				5EA48ECF21BFC50000540609 /* Debug */,
				5EA48ED021BFC50000540609 /* Release */,
			);
			defaultConfigurationIsVisible = 0;
			defaultConfigurationName = Release;
		};
/* End XCConfigurationList section */
	};
	rootObject = 5EA48E9821BFC4FD00540609 /* Project object */;
}
